# THIS IS AN AUTOGENERATED FILE. DO NOT EDIT THIS FILE DIRECTLY.
# yarn lockfile v1


liquidjs@^9.17.0:
  version "9.23.1"
  resolved "https://registry.yarnpkg.com/liquidjs/-/liquidjs-9.23.1.tgz#139c3d8f44623039c8d4ba5859232f03c9aa59e1"
  integrity sha512-crXVNWw3eAgJ+GaTntwGAV5BX2Nhzs/rzDsAlx6DTMDIq14jt84X07PX4y5GyZRFD9N4k6Wr48FZn0peD7la8w==

lodash@^4.17.11:
  version "4.17.21"
  resolved "https://registry.yarnpkg.com/lodash/-/lodash-4.17.21.tgz#679591c564c3bffaae8454cf0b3df370c3d6911c"
  integrity sha512-v2kDEe57lecTulaDIuNTPy3Ry4gLGJ6Z1O3vE1krgXZNrsQ+LFTGHVxVjcXPs17LhbZVGedAJv8XZ1tvj5FvSg==
