# THIS IS AN AUTOGENERATED FILE. DO NOT EDIT THIS FILE DIRECTLY.
# yarn lockfile v1


liquidjs@^8.4.0:
  version "8.5.3"
  resolved "https://registry.yarnpkg.com/liquidjs/-/liquidjs-8.5.3.tgz#ddf47712819900975343da10e695c75216329df7"
  integrity sha512-RIWauK5EydIQ0W/83W4emfZAWTGxL/+MN0sR0f7nJyhDHSy2HCY5QbujgmUfVsPDH8x8Fkmtu7/KW4A7Mssgkw==
